
Microsoft Visual Studio Solution File, Format Version 12.00
# Visual Studio Version 16
VisualStudioVersion = 16.0.31424.327
MinimumVisualStudioVersion = 10.0.40219.1
Project("{FAE04EC0-301F-11D3-BF4B-00C04F79EFBC}") = "Imagen", "Imagen\Imagen.csproj", "{FD455993-E02C-4CC5-8978-D7F613E8F1D9}"
EndProject
Global
	GlobalSection(SolutionConfigurationPlatforms) = preSolution
		Debug|Any CPU = Debug|Any CPU
		Release|Any CPU = Release|Any CPU
	EndGlobalSection
	GlobalSection(ProjectConfigurationPlatforms) = postSolution
		{FD455993-E02C-4CC5-8978-D7F613E8F1D9}.Debug|Any CPU.ActiveCfg = Debug|Any CPU
		{FD455993-E02C-4CC5-8978-D7F613E8F1D9}.Debug|Any CPU.Build.0 = Debug|Any CPU
		{FD455993-E02C-4CC5-8978-D7F613E8F1D9}.Release|Any CPU.ActiveCfg = Release|Any CPU
		{FD455993-E02C-4CC5-8978-D7F613E8F1D9}.Release|Any CPU.Build.0 = Release|Any CPU
	EndGlobalSection
	GlobalSection(SolutionProperties) = preSolution
		HideSolutionNode = FALSE
	EndGlobalSection
	GlobalSection(ExtensibilityGlobals) = postSolution
		SolutionGuid = {4266F0BE-B082-4C25-BAC5-4E5FABF13850}
	EndGlobalSection
EndGlobal
